
Microsoft Visual Studio Solution File, Format Version 12.00
# Visual Studio Version 17
VisualStudioVersion = 17.4.33213.308
MinimumVisualStudioVersion = 10.0.40219.1
Project("{9A19103F-16F7-4668-BE54-9A1E7A4F7556}") = "DataLayer", "DataLayer\DataLayer.csproj", "{058A940D-82D6-4E31-8010-2CF5842088CD}"
EndProject
Project("{9A19103F-16F7-4668-BE54-9A1E7A4F7556}") = "BusinessLayer", "BusinessLayer\BusinessLayer.csproj", "{001C6DAF-A86D-482C-B037-624888518409}"
EndProject
Project("{9A19103F-16F7-4668-BE54-9A1E7A4F7556}") = "TestLayer", "TestLayer\TestLayer.csproj", "{ED299DBF-83A3-405F-95A0-01C19F7F0F7D}"
EndProject
Project("{FAE04EC0-301F-11D3-BF4B-00C04F79EFBC}") = "PresentationLayer", "PresentationLayer\PresentationLayer.csproj", "{1C5E72CC-8CCE-4E5B-B0DD-77E9CC72B1B5}"
EndProject
Global
	GlobalSection(SolutionConfigurationPlatforms) = preSolution
		Debug|Any CPU = Debug|Any CPU
		Release|Any CPU = Release|Any CPU
	EndGlobalSection
	GlobalSection(ProjectConfigurationPlatforms) = postSolution
		{058A940D-82D6-4E31-8010-2CF5842088CD}.Debug|Any CPU.ActiveCfg = Debug|Any CPU
		{058A940D-82D6-4E31-8010-2CF5842088CD}.Debug|Any CPU.Build.0 = Debug|Any CPU
		{058A940D-82D6-4E31-8010-2CF5842088CD}.Release|Any CPU.ActiveCfg = Release|Any CPU
		{058A940D-82D6-4E31-8010-2CF5842088CD}.Release|Any CPU.Build.0 = Release|Any CPU
		{001C6DAF-A86D-482C-B037-624888518409}.Debug|Any CPU.ActiveCfg = Debug|Any CPU
		{001C6DAF-A86D-482C-B037-624888518409}.Debug|Any CPU.Build.0 = Debug|Any CPU
		{001C6DAF-A86D-482C-B037-624888518409}.Release|Any CPU.ActiveCfg = Release|Any CPU
		{001C6DAF-A86D-482C-B037-624888518409}.Release|Any CPU.Build.0 = Release|Any CPU
		{ED299DBF-83A3-405F-95A0-01C19F7F0F7D}.Debug|Any CPU.ActiveCfg = Debug|Any CPU
		{ED299DBF-83A3-405F-95A0-01C19F7F0F7D}.Debug|Any CPU.Build.0 = Debug|Any CPU
		{ED299DBF-83A3-405F-95A0-01C19F7F0F7D}.Release|Any CPU.ActiveCfg = Release|Any CPU
		{ED299DBF-83A3-405F-95A0-01C19F7F0F7D}.Release|Any CPU.Build.0 = Release|Any CPU
		{1C5E72CC-8CCE-4E5B-B0DD-77E9CC72B1B5}.Debug|Any CPU.ActiveCfg = Debug|Any CPU
		{1C5E72CC-8CCE-4E5B-B0DD-77E9CC72B1B5}.Debug|Any CPU.Build.0 = Debug|Any CPU
		{1C5E72CC-8CCE-4E5B-B0DD-77E9CC72B1B5}.Release|Any CPU.ActiveCfg = Release|Any CPU
		{1C5E72CC-8CCE-4E5B-B0DD-77E9CC72B1B5}.Release|Any CPU.Build.0 = Release|Any CPU
	EndGlobalSection
	GlobalSection(SolutionProperties) = preSolution
		HideSolutionNode = FALSE
	EndGlobalSection
	GlobalSection(ExtensibilityGlobals) = postSolution
		SolutionGuid = {1943DCA2-A647-4825-97F6-2926824DC831}
	EndGlobalSection
EndGlobal
